// !$*UTF8*$!
{
	archiveVersion = 1;
	classes = {
	};
	objectVersion = 46;
	objects = {
/* Begin PBXBuildFile section */
		0207DA581B56EA530066E2B4 /* Images.xcassets in Resources */ = {isa = PBXBuildFile; fileRef = 0207DA571B56EA530066E2B4 /* Images.xcassets */; };
		1D3623260D0F684500981E51 /* AppDelegate.m in Sources */ = {isa = PBXBuildFile; fileRef = 1D3623250D0F684500981E51 /* AppDelegate.m */; };
		1D60589B0D05DD56006BFB54 /* main.m in Sources */ = {isa = PBXBuildFile; fileRef = 29B97316FDCFA39411CA2CEA /* main.m */; };
		301BF552109A68D80062928A /* libCordova.a in Frameworks */ = {isa = PBXBuildFile; fileRef = 301BF535109A57CC0062928A /* libCordova.a */; };
		302D95F114D2391D003F00A1 /* MainViewController.m in Sources */ = {isa = PBXBuildFile; fileRef = 302D95EF14D2391D003F00A1 /* MainViewController.m */; };
		302D95F214D2391D003F00A1 /* MainViewController.xib in Resources */ = {isa = PBXBuildFile; fileRef = 302D95F014D2391D003F00A1 /* MainViewController.xib */; };
		3047A5121AB8059700498E2A /* build-debug.xcconfig in Resources */ = {isa = PBXBuildFile; fileRef = 3047A50F1AB8059700498E2A /* build-debug.xcconfig */; };
		3047A5131AB8059700498E2A /* build-release.xcconfig in Resources */ = {isa = PBXBuildFile; fileRef = 3047A5101AB8059700498E2A /* build-release.xcconfig */; };
		3047A5141AB8059700498E2A /* build.xcconfig in Resources */ = {isa = PBXBuildFile; fileRef = 3047A5111AB8059700498E2A /* build.xcconfig */; };
		C63A21E773D746E689034203 /* HCPPlugin.m in Sources */ = {isa = PBXBuildFile; fileRef = 98CEBFD53ABB408488740251 /* HCPPlugin.m */; };
		666121F0312D4150B18D1D6C /* HCPApplicationConfig.m in Sources */ = {isa = PBXBuildFile; fileRef = 3ADF163F3A1A4517AAC31E1F /* HCPApplicationConfig.m */; };
		AA3E91BCCD2246F7A6A17993 /* HCPContentConfig.m in Sources */ = {isa = PBXBuildFile; fileRef = 4C4D1638C919407BB6226289 /* HCPContentConfig.m */; };
		EFE55848163C4036A1F0BF54 /* HCPContentManifest.m in Sources */ = {isa = PBXBuildFile; fileRef = F8A2CDD53D3645E1B15D3E82 /* HCPContentManifest.m */; };
		3FE419DF0ECE4E88B76177AF /* HCPPluginInternalPreferences.m in Sources */ = {isa = PBXBuildFile; fileRef = 697D927041634F5FB7AA9D04 /* HCPPluginInternalPreferences.m */; };
		87414E3C1A584C61B2F37906 /* HCPXmlConfig.m in Sources */ = {isa = PBXBuildFile; fileRef = 33F16BEA6753484EA79A6AB4 /* HCPXmlConfig.m */; };
		864B406388224C3BA5603196 /* HCPXmlTags.m in Sources */ = {isa = PBXBuildFile; fileRef = 40AAB927A2194A2A97537A7A /* HCPXmlTags.m */; };
		DBCBADA00D7642C582E8C6DD /* HCPXmlConfigParser.m in Sources */ = {isa = PBXBuildFile; fileRef = E1F816E2A7CF4129A2C5822A /* HCPXmlConfigParser.m */; };
		9DFA31BB637041278CEADA76 /* HCPEvents.m in Sources */ = {isa = PBXBuildFile; fileRef = 4DAAF7B3566846C8A6B8691E /* HCPEvents.m */; };
		7FDFFE109E214A3699D7356B /* CDVPluginResult+HCPEvents.m in Sources */ = {isa = PBXBuildFile; fileRef = 09E1F17C69FC474285AC89D0 /* CDVPluginResult+HCPEvents.m */; };
		8BC531F625F1411F95CD097B /* HCPFilesStructure.m in Sources */ = {isa = PBXBuildFile; fileRef = 21A0BFFA8EE24294B720156F /* HCPFilesStructure.m */; };
		68FDD373A7C3487DA79C90AA /* HCPManifestDiff.m in Sources */ = {isa = PBXBuildFile; fileRef = 427F0817948C4B838B99628C /* HCPManifestDiff.m */; };
		5B74AFA363E34929A25F71B6 /* HCPManifestFile.m in Sources */ = {isa = PBXBuildFile; fileRef = 09FC7471A9A8448B8C579B09 /* HCPManifestFile.m */; };
		5AB56D62D5254949A289A29E /* HCPFileDownloader.m in Sources */ = {isa = PBXBuildFile; fileRef = DE2D25061B2C446B9D613CDA /* HCPFileDownloader.m */; };
		6A7982D4DEC24AD28150D523 /* HCPApplicationConfigStorage.m in Sources */ = {isa = PBXBuildFile; fileRef = FC39C91699BB4632A57E1EBE /* HCPApplicationConfigStorage.m */; };
		FA8F2384E8964745BA0CA23A /* HCPConfigStorageImpl.m in Sources */ = {isa = PBXBuildFile; fileRef = 3C77BF870748408789FABC3E /* HCPConfigStorageImpl.m */; };
		3004445D3C724A1694D5DFA3 /* HCPContentManifestStorage.m in Sources */ = {isa = PBXBuildFile; fileRef = 71EF127A1E544F5DBFED113E /* HCPContentManifestStorage.m */; };
		1342235F0FE64AD49EB7196C /* HCPPluginInternalPreferences+UserDefaults.m in Sources */ = {isa = PBXBuildFile; fileRef = 7F6E012D83C7417A9616A562 /* HCPPluginInternalPreferences+UserDefaults.m */; };
		6FD87963E6864BE2A2CCAE6A /* HCPInstallationWorker.m in Sources */ = {isa = PBXBuildFile; fileRef = BD935F67A74544A8BF378854 /* HCPInstallationWorker.m */; };
		F46B9E3038FF473A83C2CCAC /* HCPUpdateInstaller.m in Sources */ = {isa = PBXBuildFile; fileRef = 72AEB1E204A24BF2B5C2291E /* HCPUpdateInstaller.m */; };
		BBFE14D36F7147479C4DEA4F /* HCPUpdateLoader.m in Sources */ = {isa = PBXBuildFile; fileRef = EB0684C6C96A47C4AD7A2013 /* HCPUpdateLoader.m */; };
		60773ABCE45C4D42973D3627 /* HCPUpdateLoaderWorker.m in Sources */ = {isa = PBXBuildFile; fileRef = 6A7CC882E0EB4D828FE6F331 /* HCPUpdateLoaderWorker.m */; };
		0C44C7239830483891DA7F78 /* HCPCleanupHelper.m in Sources */ = {isa = PBXBuildFile; fileRef = 12F723E2A7B04449BFBCF20B /* HCPCleanupHelper.m */; };
		B6346195C2584659A8A67E3E /* NSBundle+HCPExtension.m in Sources */ = {isa = PBXBuildFile; fileRef = 16F22E0765294AB38350DBEA /* NSBundle+HCPExtension.m */; };
		038658C72C264187B1DE1B49 /* NSData+HCPMD5.m in Sources */ = {isa = PBXBuildFile; fileRef = F907B72CDCB7400983F979A6 /* NSData+HCPMD5.m */; };
		444E367CA60C4070A75CC42F /* NSError+HCPExtension.m in Sources */ = {isa = PBXBuildFile; fileRef = 6662FFABABEA4CE58D00FDA6 /* NSError+HCPExtension.m */; };
		E8471406085742A0BDFE1F55 /* NSFileManager+HCPExtension.m in Sources */ = {isa = PBXBuildFile; fileRef = 5DF95868651F4BAC88CF1E35 /* NSFileManager+HCPExtension.m */; };
		FBF3A7E134C44BACB99EE3FB /* NSJSONSerialization+HCPExtension.m in Sources */ = {isa = PBXBuildFile; fileRef = 639555F98CF84A098B7D2F27 /* NSJSONSerialization+HCPExtension.m */; };
		3D5F4A65A0B94A1C9ED82AB8 /* HCPAppUpdateRequestAlertDialog.m in Sources */ = {isa = PBXBuildFile; fileRef = 097E806589524FF2BD5763E4 /* HCPAppUpdateRequestAlertDialog.m */; };
		BAAA14497C19461E962F4B20 /* HCPAssetsFolderHelper.m in Sources */ = {isa = PBXBuildFile; fileRef = 68E0BDDAD755411B87C3AA8D /* HCPAssetsFolderHelper.m */; };
/* End PBXBuildFile section */

/* Begin PBXContainerItemProxy section */
		301BF534109A57CC0062928A /* PBXContainerItemProxy */ = {
			isa = PBXContainerItemProxy;
			containerPortal = 301BF52D109A57CC0062928A /* CordovaLib.xcodeproj */;
			proxyType = 2;
			remoteGlobalIDString = D2AAC07E0554694100DB518D;
			remoteInfo = CordovaLib;
		};
		301BF550109A68C00062928A /* PBXContainerItemProxy */ = {
			isa = PBXContainerItemProxy;
			containerPortal = 301BF52D109A57CC0062928A /* CordovaLib.xcodeproj */;
			proxyType = 1;
			remoteGlobalIDString = D2AAC07D0554694100DB518D;
			remoteInfo = CordovaLib;
		};
/* End PBXContainerItemProxy section */

/* Begin PBXFileReference section */
		0207DA571B56EA530066E2B4 /* Images.xcassets */ = {isa = PBXFileReference; lastKnownFileType = folder.assetcatalog; name = Images.xcassets; path = "EmberCordovaHcpBoilerplate/Images.xcassets"; sourceTree = SOURCE_ROOT; };
		1D3623240D0F684500981E51 /* AppDelegate.h */ = {isa = PBXFileReference; fileEncoding = 4; lastKnownFileType = sourcecode.c.h; path = AppDelegate.h; sourceTree = "<group>"; };
		1D3623250D0F684500981E51 /* AppDelegate.m */ = {isa = PBXFileReference; fileEncoding = 4; lastKnownFileType = sourcecode.c.objc; path = AppDelegate.m; sourceTree = "<group>"; };
		1D6058910D05DD3D006BFB54 /* EmberCordovaHcpBoilerplate.app */ = {isa = PBXFileReference; explicitFileType = wrapper.application; includeInIndex = 0; path = "EmberCordovaHcpBoilerplate.app"; sourceTree = BUILT_PRODUCTS_DIR; };
		29B97316FDCFA39411CA2CEA /* main.m */ = {isa = PBXFileReference; fileEncoding = 4; lastKnownFileType = sourcecode.c.objc; path = main.m; sourceTree = "<group>"; };
		301BF52D109A57CC0062928A /* CordovaLib.xcodeproj */ = {isa = PBXFileReference; lastKnownFileType = "wrapper.pb-project"; name = CordovaLib.xcodeproj; path = CordovaLib/CordovaLib.xcodeproj; sourceTree = "<group>"; };
		301BF56E109A69640062928A /* www */ = {isa = PBXFileReference; lastKnownFileType = folder; path = www; sourceTree = SOURCE_ROOT; };
		302D95EE14D2391D003F00A1 /* MainViewController.h */ = {isa = PBXFileReference; fileEncoding = 4; lastKnownFileType = sourcecode.c.h; path = MainViewController.h; sourceTree = "<group>"; };
		302D95EF14D2391D003F00A1 /* MainViewController.m */ = {isa = PBXFileReference; fileEncoding = 4; lastKnownFileType = sourcecode.c.objc; path = MainViewController.m; sourceTree = "<group>"; };
		302D95F014D2391D003F00A1 /* MainViewController.xib */ = {isa = PBXFileReference; fileEncoding = 4; lastKnownFileType = file.xib; path = MainViewController.xib; sourceTree = "<group>"; };
		3047A50F1AB8059700498E2A /* build-debug.xcconfig */ = {isa = PBXFileReference; fileEncoding = 4; lastKnownFileType = text.xcconfig; name = "build-debug.xcconfig"; path = cordova/build-debug.xcconfig; sourceTree = SOURCE_ROOT; };
		3047A5101AB8059700498E2A /* build-release.xcconfig */ = {isa = PBXFileReference; fileEncoding = 4; lastKnownFileType = text.xcconfig; name = "build-release.xcconfig"; path = cordova/build-release.xcconfig; sourceTree = SOURCE_ROOT; };
		3047A5111AB8059700498E2A /* build.xcconfig */ = {isa = PBXFileReference; fileEncoding = 4; lastKnownFileType = text.xcconfig; name = build.xcconfig; path = cordova/build.xcconfig; sourceTree = SOURCE_ROOT; };
		32CA4F630368D1EE00C91783 /* EmberCordovaHcpBoilerplate-Prefix.pch */ = {isa = PBXFileReference; fileEncoding = 4; lastKnownFileType = sourcecode.c.h; path = "EmberCordovaHcpBoilerplate-Prefix.pch"; sourceTree = "<group>"; };
		8D1107310486CEB800E47090 /* EmberCordovaHcpBoilerplate-Info.plist */ = {isa = PBXFileReference; fileEncoding = 4; lastKnownFileType = text.plist.xml; name = "EmberCordovaHcpBoilerplate-Info.plist"; path = "EmberCordovaHcpBoilerplate/EmberCordovaHcpBoilerplate-Info.plist"; plistStructureDefinitionIdentifier = "com.apple.xcode.plist.structure-definition.iphone.info-plist"; sourceTree = SOURCE_ROOT; };
		EB87FDF31871DA8E0020F90C /* www */ = {isa = PBXFileReference; lastKnownFileType = folder; name = www; path = ../../www; sourceTree = "<group>"; };
		EB87FDF41871DAF40020F90C /* config.xml */ = {isa = PBXFileReference; lastKnownFileType = text.xml; name = config.xml; path = ../../config.xml; sourceTree = "<group>"; };
		F840E1F0165FE0F500CFE078 /* config.xml */ = {isa = PBXFileReference; lastKnownFileType = text.xml; name = config.xml; path = "EmberCordovaHcpBoilerplate/config.xml"; sourceTree = "<group>"; };
		ED33DF2A687741AEAF9F8254 /* Bridging-Header.h */ = {isa = PBXFileReference; fileEncoding = 4; lastKnownFileType = sourcecode.c.h; name = "Bridging-Header.h"; path = "Bridging-Header.h"; sourceTree = "<group>"; };
		98CEBFD53ABB408488740251 /* HCPPlugin.m */ = {isa = PBXFileReference; name = "HCPPlugin.m"; path = "cordova-hot-code-push-plugin/HCPPlugin.m"; sourceTree = "<group>"; fileEncoding = 4; lastKnownFileType = sourcecode.c.objc; explicitFileType = undefined; includeInIndex = 0; };
		3ADF163F3A1A4517AAC31E1F /* HCPApplicationConfig.m */ = {isa = PBXFileReference; name = "HCPApplicationConfig.m"; path = "cordova-hot-code-push-plugin/Config/HCPApplicationConfig.m"; sourceTree = "<group>"; fileEncoding = 4; lastKnownFileType = sourcecode.c.objc; explicitFileType = undefined; includeInIndex = 0; };
		4C4D1638C919407BB6226289 /* HCPContentConfig.m */ = {isa = PBXFileReference; name = "HCPContentConfig.m"; path = "cordova-hot-code-push-plugin/Config/HCPContentConfig.m"; sourceTree = "<group>"; fileEncoding = 4; lastKnownFileType = sourcecode.c.objc; explicitFileType = undefined; includeInIndex = 0; };
		F8A2CDD53D3645E1B15D3E82 /* HCPContentManifest.m */ = {isa = PBXFileReference; name = "HCPContentManifest.m"; path = "cordova-hot-code-push-plugin/Config/HCPContentManifest.m"; sourceTree = "<group>"; fileEncoding = 4; lastKnownFileType = sourcecode.c.objc; explicitFileType = undefined; includeInIndex = 0; };
		697D927041634F5FB7AA9D04 /* HCPPluginInternalPreferences.m */ = {isa = PBXFileReference; name = "HCPPluginInternalPreferences.m"; path = "cordova-hot-code-push-plugin/Config/HCPPluginInternalPreferences.m"; sourceTree = "<group>"; fileEncoding = 4; lastKnownFileType = sourcecode.c.objc; explicitFileType = undefined; includeInIndex = 0; };
		33F16BEA6753484EA79A6AB4 /* HCPXmlConfig.m */ = {isa = PBXFileReference; name = "HCPXmlConfig.m"; path = "cordova-hot-code-push-plugin/Config/HCPXmlConfig.m"; sourceTree = "<group>"; fileEncoding = 4; lastKnownFileType = sourcecode.c.objc; explicitFileType = undefined; includeInIndex = 0; };
		40AAB927A2194A2A97537A7A /* HCPXmlTags.m */ = {isa = PBXFileReference; name = "HCPXmlTags.m"; path = "cordova-hot-code-push-plugin/Config/HCPXmlTags.m"; sourceTree = "<group>"; fileEncoding = 4; lastKnownFileType = sourcecode.c.objc; explicitFileType = undefined; includeInIndex = 0; };
		E1F816E2A7CF4129A2C5822A /* HCPXmlConfigParser.m */ = {isa = PBXFileReference; name = "HCPXmlConfigParser.m"; path = "cordova-hot-code-push-plugin/Config/HCPXmlConfigParser.m"; sourceTree = "<group>"; fileEncoding = 4; lastKnownFileType = sourcecode.c.objc; explicitFileType = undefined; includeInIndex = 0; };
		4DAAF7B3566846C8A6B8691E /* HCPEvents.m */ = {isa = PBXFileReference; name = "HCPEvents.m"; path = "cordova-hot-code-push-plugin/Events/HCPEvents.m"; sourceTree = "<group>"; fileEncoding = 4; lastKnownFileType = sourcecode.c.objc; explicitFileType = undefined; includeInIndex = 0; };
		09E1F17C69FC474285AC89D0 /* CDVPluginResult+HCPEvents.m */ = {isa = PBXFileReference; name = "CDVPluginResult+HCPEvents.m"; path = "cordova-hot-code-push-plugin/JS/CDVPluginResult+HCPEvents.m"; sourceTree = "<group>"; fileEncoding = 4; lastKnownFileType = sourcecode.c.objc; explicitFileType = undefined; includeInIndex = 0; };
		21A0BFFA8EE24294B720156F /* HCPFilesStructure.m */ = {isa = PBXFileReference; name = "HCPFilesStructure.m"; path = "cordova-hot-code-push-plugin/Model/HCPFilesStructure.m"; sourceTree = "<group>"; fileEncoding = 4; lastKnownFileType = sourcecode.c.objc; explicitFileType = undefined; includeInIndex = 0; };
		427F0817948C4B838B99628C /* HCPManifestDiff.m */ = {isa = PBXFileReference; name = "HCPManifestDiff.m"; path = "cordova-hot-code-push-plugin/Model/HCPManifestDiff.m"; sourceTree = "<group>"; fileEncoding = 4; lastKnownFileType = sourcecode.c.objc; explicitFileType = undefined; includeInIndex = 0; };
		09FC7471A9A8448B8C579B09 /* HCPManifestFile.m */ = {isa = PBXFileReference; name = "HCPManifestFile.m"; path = "cordova-hot-code-push-plugin/Model/HCPManifestFile.m"; sourceTree = "<group>"; fileEncoding = 4; lastKnownFileType = sourcecode.c.objc; explicitFileType = undefined; includeInIndex = 0; };
		DE2D25061B2C446B9D613CDA /* HCPFileDownloader.m */ = {isa = PBXFileReference; name = "HCPFileDownloader.m"; path = "cordova-hot-code-push-plugin/Network/HCPFileDownloader.m"; sourceTree = "<group>"; fileEncoding = 4; lastKnownFileType = sourcecode.c.objc; explicitFileType = undefined; includeInIndex = 0; };
		FC39C91699BB4632A57E1EBE /* HCPApplicationConfigStorage.m */ = {isa = PBXFileReference; name = "HCPApplicationConfigStorage.m"; path = "cordova-hot-code-push-plugin/Storage/HCPApplicationConfigStorage.m"; sourceTree = "<group>"; fileEncoding = 4; lastKnownFileType = sourcecode.c.objc; explicitFileType = undefined; includeInIndex = 0; };
		3C77BF870748408789FABC3E /* HCPConfigStorageImpl.m */ = {isa = PBXFileReference; name = "HCPConfigStorageImpl.m"; path = "cordova-hot-code-push-plugin/Storage/HCPConfigStorageImpl.m"; sourceTree = "<group>"; fileEncoding = 4; lastKnownFileType = sourcecode.c.objc; explicitFileType = undefined; includeInIndex = 0; };
		71EF127A1E544F5DBFED113E /* HCPContentManifestStorage.m */ = {isa = PBXFileReference; name = "HCPContentManifestStorage.m"; path = "cordova-hot-code-push-plugin/Storage/HCPContentManifestStorage.m"; sourceTree = "<group>"; fileEncoding = 4; lastKnownFileType = sourcecode.c.objc; explicitFileType = undefined; includeInIndex = 0; };
		7F6E012D83C7417A9616A562 /* HCPPluginInternalPreferences+UserDefaults.m */ = {isa = PBXFileReference; name = "HCPPluginInternalPreferences+UserDefaults.m"; path = "cordova-hot-code-push-plugin/Storage/HCPPluginInternalPreferences+UserDefaults.m"; sourceTree = "<group>"; fileEncoding = 4; lastKnownFileType = sourcecode.c.objc; explicitFileType = undefined; includeInIndex = 0; };
		BD935F67A74544A8BF378854 /* HCPInstallationWorker.m */ = {isa = PBXFileReference; name = "HCPInstallationWorker.m"; path = "cordova-hot-code-push-plugin/Updater/HCPInstallationWorker.m"; sourceTree = "<group>"; fileEncoding = 4; lastKnownFileType = sourcecode.c.objc; explicitFileType = undefined; includeInIndex = 0; };
		72AEB1E204A24BF2B5C2291E /* HCPUpdateInstaller.m */ = {isa = PBXFileReference; name = "HCPUpdateInstaller.m"; path = "cordova-hot-code-push-plugin/Updater/HCPUpdateInstaller.m"; sourceTree = "<group>"; fileEncoding = 4; lastKnownFileType = sourcecode.c.objc; explicitFileType = undefined; includeInIndex = 0; };
		EB0684C6C96A47C4AD7A2013 /* HCPUpdateLoader.m */ = {isa = PBXFileReference; name = "HCPUpdateLoader.m"; path = "cordova-hot-code-push-plugin/Updater/HCPUpdateLoader.m"; sourceTree = "<group>"; fileEncoding = 4; lastKnownFileType = sourcecode.c.objc; explicitFileType = undefined; includeInIndex = 0; };
		6A7CC882E0EB4D828FE6F331 /* HCPUpdateLoaderWorker.m */ = {isa = PBXFileReference; name = "HCPUpdateLoaderWorker.m"; path = "cordova-hot-code-push-plugin/Updater/HCPUpdateLoaderWorker.m"; sourceTree = "<group>"; fileEncoding = 4; lastKnownFileType = sourcecode.c.objc; explicitFileType = undefined; includeInIndex = 0; };
		12F723E2A7B04449BFBCF20B /* HCPCleanupHelper.m */ = {isa = PBXFileReference; name = "HCPCleanupHelper.m"; path = "cordova-hot-code-push-plugin/Utils/HCPCleanupHelper.m"; sourceTree = "<group>"; fileEncoding = 4; lastKnownFileType = sourcecode.c.objc; explicitFileType = undefined; includeInIndex = 0; };
		16F22E0765294AB38350DBEA /* NSBundle+HCPExtension.m */ = {isa = PBXFileReference; name = "NSBundle+HCPExtension.m"; path = "cordova-hot-code-push-plugin/Utils/NSBundle+HCPExtension.m"; sourceTree = "<group>"; fileEncoding = 4; lastKnownFileType = sourcecode.c.objc; explicitFileType = undefined; includeInIndex = 0; };
		F907B72CDCB7400983F979A6 /* NSData+HCPMD5.m */ = {isa = PBXFileReference; name = "NSData+HCPMD5.m"; path = "cordova-hot-code-push-plugin/Utils/NSData+HCPMD5.m"; sourceTree = "<group>"; fileEncoding = 4; lastKnownFileType = sourcecode.c.objc; explicitFileType = undefined; includeInIndex = 0; };
		6662FFABABEA4CE58D00FDA6 /* NSError+HCPExtension.m */ = {isa = PBXFileReference; name = "NSError+HCPExtension.m"; path = "cordova-hot-code-push-plugin/Utils/NSError+HCPExtension.m"; sourceTree = "<group>"; fileEncoding = 4; lastKnownFileType = sourcecode.c.objc; explicitFileType = undefined; includeInIndex = 0; };
		5DF95868651F4BAC88CF1E35 /* NSFileManager+HCPExtension.m */ = {isa = PBXFileReference; name = "NSFileManager+HCPExtension.m"; path = "cordova-hot-code-push-plugin/Utils/NSFileManager+HCPExtension.m"; sourceTree = "<group>"; fileEncoding = 4; lastKnownFileType = sourcecode.c.objc; explicitFileType = undefined; includeInIndex = 0; };
		639555F98CF84A098B7D2F27 /* NSJSONSerialization+HCPExtension.m */ = {isa = PBXFileReference; name = "NSJSONSerialization+HCPExtension.m"; path = "cordova-hot-code-push-plugin/Utils/NSJSONSerialization+HCPExtension.m"; sourceTree = "<group>"; fileEncoding = 4; lastKnownFileType = sourcecode.c.objc; explicitFileType = undefined; includeInIndex = 0; };
		097E806589524FF2BD5763E4 /* HCPAppUpdateRequestAlertDialog.m */ = {isa = PBXFileReference; name = "HCPAppUpdateRequestAlertDialog.m"; path = "cordova-hot-code-push-plugin/Utils/HCPAppUpdateRequestAlertDialog.m"; sourceTree = "<group>"; fileEncoding = 4; lastKnownFileType = sourcecode.c.objc; explicitFileType = undefined; includeInIndex = 0; };
		68E0BDDAD755411B87C3AA8D /* HCPAssetsFolderHelper.m */ = {isa = PBXFileReference; name = "HCPAssetsFolderHelper.m"; path = "cordova-hot-code-push-plugin/Utils/HCPAssetsFolderHelper.m"; sourceTree = "<group>"; fileEncoding = 4; lastKnownFileType = sourcecode.c.objc; explicitFileType = undefined; includeInIndex = 0; };
		C6336D3F97F144AC81899E2F /* HCPPlugin.h */ = {isa = PBXFileReference; name = "HCPPlugin.h"; path = "cordova-hot-code-push-plugin/HCPPlugin.h"; sourceTree = "<group>"; fileEncoding = 4; lastKnownFileType = sourcecode.c.h; explicitFileType = undefined; includeInIndex = 0; };
		63AFB23309BA4D2E81416C86 /* HCPApplicationConfig.h */ = {isa = PBXFileReference; name = "HCPApplicationConfig.h"; path = "cordova-hot-code-push-plugin/Config/HCPApplicationConfig.h"; sourceTree = "<group>"; fileEncoding = 4; lastKnownFileType = sourcecode.c.h; explicitFileType = undefined; includeInIndex = 0; };
		599D9748DA264FADBB26CBF8 /* HCPContentConfig.h */ = {isa = PBXFileReference; name = "HCPContentConfig.h"; path = "cordova-hot-code-push-plugin/Config/HCPContentConfig.h"; sourceTree = "<group>"; fileEncoding = 4; lastKnownFileType = sourcecode.c.h; explicitFileType = undefined; includeInIndex = 0; };
		FEF16E3CA7CE4F51AE10E44D /* HCPContentManifest.h */ = {isa = PBXFileReference; name = "HCPContentManifest.h"; path = "cordova-hot-code-push-plugin/Config/HCPContentManifest.h"; sourceTree = "<group>"; fileEncoding = 4; lastKnownFileType = sourcecode.c.h; explicitFileType = undefined; includeInIndex = 0; };
		56E802D31BA44C23B78A4B7D /* HCPPluginInternalPreferences.h */ = {isa = PBXFileReference; name = "HCPPluginInternalPreferences.h"; path = "cordova-hot-code-push-plugin/Config/HCPPluginInternalPreferences.h"; sourceTree = "<group>"; fileEncoding = 4; lastKnownFileType = sourcecode.c.h; explicitFileType = undefined; includeInIndex = 0; };
		C1FD355920314AA4B83670DD /* HCPXmlConfig.h */ = {isa = PBXFileReference; name = "HCPXmlConfig.h"; path = "cordova-hot-code-push-plugin/Config/HCPXmlConfig.h"; sourceTree = "<group>"; fileEncoding = 4; lastKnownFileType = sourcecode.c.h; explicitFileType = undefined; includeInIndex = 0; };
		3E56BC6A603D40EDAB8AECED /* HCPXmlTags.h */ = {isa = PBXFileReference; name = "HCPXmlTags.h"; path = "cordova-hot-code-push-plugin/Config/HCPXmlTags.h"; sourceTree = "<group>"; fileEncoding = 4; lastKnownFileType = sourcecode.c.h; explicitFileType = undefined; includeInIndex = 0; };
		193D87D087944396AA5BF70D /* HCPXmlConfigParser.h */ = {isa = PBXFileReference; name = "HCPXmlConfigParser.h"; path = "cordova-hot-code-push-plugin/Config/HCPXmlConfigParser.h"; sourceTree = "<group>"; fileEncoding = 4; lastKnownFileType = sourcecode.c.h; explicitFileType = undefined; includeInIndex = 0; };
		D412AEB06EF24DD49EF209BB /* HCPEvents.h */ = {isa = PBXFileReference; name = "HCPEvents.h"; path = "cordova-hot-code-push-plugin/Events/HCPEvents.h"; sourceTree = "<group>"; fileEncoding = 4; lastKnownFileType = sourcecode.c.h; explicitFileType = undefined; includeInIndex = 0; };
		31943AA5EF754123B6DA9E31 /* CDVPluginResult+HCPEvents.h */ = {isa = PBXFileReference; name = "CDVPluginResult+HCPEvents.h"; path = "cordova-hot-code-push-plugin/JS/CDVPluginResult+HCPEvents.h"; sourceTree = "<group>"; fileEncoding = 4; lastKnownFileType = sourcecode.c.h; explicitFileType = undefined; includeInIndex = 0; };
		C0A0AD2EDE6D45139BF0C38E /* HCPFilesStructure.h */ = {isa = PBXFileReference; name = "HCPFilesStructure.h"; path = "cordova-hot-code-push-plugin/Model/HCPFilesStructure.h"; sourceTree = "<group>"; fileEncoding = 4; lastKnownFileType = sourcecode.c.h; explicitFileType = undefined; includeInIndex = 0; };
		2857345BE4414410AA53D518 /* HCPJsonConvertable.h */ = {isa = PBXFileReference; name = "HCPJsonConvertable.h"; path = "cordova-hot-code-push-plugin/Model/HCPJsonConvertable.h"; sourceTree = "<group>"; fileEncoding = 4; lastKnownFileType = sourcecode.c.h; explicitFileType = undefined; includeInIndex = 0; };
		A09F7DEB3F4F499BAC0A7A70 /* HCPManifestDiff.h */ = {isa = PBXFileReference; name = "HCPManifestDiff.h"; path = "cordova-hot-code-push-plugin/Model/HCPManifestDiff.h"; sourceTree = "<group>"; fileEncoding = 4; lastKnownFileType = sourcecode.c.h; explicitFileType = undefined; includeInIndex = 0; };
		EDBE7D1A4C4A4263A487027D /* HCPManifestFile.h */ = {isa = PBXFileReference; name = "HCPManifestFile.h"; path = "cordova-hot-code-push-plugin/Model/HCPManifestFile.h"; sourceTree = "<group>"; fileEncoding = 4; lastKnownFileType = sourcecode.c.h; explicitFileType = undefined; includeInIndex = 0; };
		CF806525A9FA49F58D51827A /* HCPFileDownloader.h */ = {isa = PBXFileReference; name = "HCPFileDownloader.h"; path = "cordova-hot-code-push-plugin/Network/HCPFileDownloader.h"; sourceTree = "<group>"; fileEncoding = 4; lastKnownFileType = sourcecode.c.h; explicitFileType = undefined; includeInIndex = 0; };
		DD2ABBCC756D412B8C016C22 /* HCPApplicationConfigStorage.h */ = {isa = PBXFileReference; name = "HCPApplicationConfigStorage.h"; path = "cordova-hot-code-push-plugin/Storage/HCPApplicationConfigStorage.h"; sourceTree = "<group>"; fileEncoding = 4; lastKnownFileType = sourcecode.c.h; explicitFileType = undefined; includeInIndex = 0; };
		36C11E748FE843CCA282981A /* HCPConfigFileStorage.h */ = {isa = PBXFileReference; name = "HCPConfigFileStorage.h"; path = "cordova-hot-code-push-plugin/Storage/HCPConfigFileStorage.h"; sourceTree = "<group>"; fileEncoding = 4; lastKnownFileType = sourcecode.c.h; explicitFileType = undefined; includeInIndex = 0; };
		927706DAA9BC4D1EAAB549FE /* HCPConfigStorageImpl.h */ = {isa = PBXFileReference; name = "HCPConfigStorageImpl.h"; path = "cordova-hot-code-push-plugin/Storage/HCPConfigStorageImpl.h"; sourceTree = "<group>"; fileEncoding = 4; lastKnownFileType = sourcecode.c.h; explicitFileType = undefined; includeInIndex = 0; };
		3E7D7E0188FD4A669FB9F8E1 /* HCPContentManifestStorage.h */ = {isa = PBXFileReference; name = "HCPContentManifestStorage.h"; path = "cordova-hot-code-push-plugin/Storage/HCPContentManifestStorage.h"; sourceTree = "<group>"; fileEncoding = 4; lastKnownFileType = sourcecode.c.h; explicitFileType = undefined; includeInIndex = 0; };
		C39EC15049274C1C8D45CC6D /* HCPPluginInternalPreferences+UserDefaults.h */ = {isa = PBXFileReference; name = "HCPPluginInternalPreferences+UserDefaults.h"; path = "cordova-hot-code-push-plugin/Storage/HCPPluginInternalPreferences+UserDefaults.h"; sourceTree = "<group>"; fileEncoding = 4; lastKnownFileType = sourcecode.c.h; explicitFileType = undefined; includeInIndex = 0; };
		EC719CB461C94FFDBB1B297F /* HCPInstallationWorker.h */ = {isa = PBXFileReference; name = "HCPInstallationWorker.h"; path = "cordova-hot-code-push-plugin/Updater/HCPInstallationWorker.h"; sourceTree = "<group>"; fileEncoding = 4; lastKnownFileType = sourcecode.c.h; explicitFileType = undefined; includeInIndex = 0; };
		E7CD95F980074B479B56D325 /* HCPUpdateInstaller.h */ = {isa = PBXFileReference; name = "HCPUpdateInstaller.h"; path = "cordova-hot-code-push-plugin/Updater/HCPUpdateInstaller.h"; sourceTree = "<group>"; fileEncoding = 4; lastKnownFileType = sourcecode.c.h; explicitFileType = undefined; includeInIndex = 0; };
		4F6086B6040C47F8893757D9 /* HCPUpdateLoader.h */ = {isa = PBXFileReference; name = "HCPUpdateLoader.h"; path = "cordova-hot-code-push-plugin/Updater/HCPUpdateLoader.h"; sourceTree = "<group>"; fileEncoding = 4; lastKnownFileType = sourcecode.c.h; explicitFileType = undefined; includeInIndex = 0; };
		646A5BA733564A21AF279CCE /* HCPUpdateLoaderWorker.h */ = {isa = PBXFileReference; name = "HCPUpdateLoaderWorker.h"; path = "cordova-hot-code-push-plugin/Updater/HCPUpdateLoaderWorker.h"; sourceTree = "<group>"; fileEncoding = 4; lastKnownFileType = sourcecode.c.h; explicitFileType = undefined; includeInIndex = 0; };
		4C9BEB9BAD6C4BA1B5CE87A6 /* HCPWorker.h */ = {isa = PBXFileReference; name = "HCPWorker.h"; path = "cordova-hot-code-push-plugin/Updater/HCPWorker.h"; sourceTree = "<group>"; fileEncoding = 4; lastKnownFileType = sourcecode.c.h; explicitFileType = undefined; includeInIndex = 0; };
		49716C6C54E044EA897BE40E /* HCPCleanupHelper.h */ = {isa = PBXFileReference; name = "HCPCleanupHelper.h"; path = "cordova-hot-code-push-plugin/Utils/HCPCleanupHelper.h"; sourceTree = "<group>"; fileEncoding = 4; lastKnownFileType = sourcecode.c.h; explicitFileType = undefined; includeInIndex = 0; };
		3EC25C386F7D4CBA8540F4E5 /* NSBundle+HCPExtension.h */ = {isa = PBXFileReference; name = "NSBundle+HCPExtension.h"; path = "cordova-hot-code-push-plugin/Utils/NSBundle+HCPExtension.h"; sourceTree = "<group>"; fileEncoding = 4; lastKnownFileType = sourcecode.c.h; explicitFileType = undefined; includeInIndex = 0; };
		8E087B4A2C17458E8C9C495C /* NSData+HCPMD5.h */ = {isa = PBXFileReference; name = "NSData+HCPMD5.h"; path = "cordova-hot-code-push-plugin/Utils/NSData+HCPMD5.h"; sourceTree = "<group>"; fileEncoding = 4; lastKnownFileType = sourcecode.c.h; explicitFileType = undefined; includeInIndex = 0; };
		07641013B3DB47FDAAEC041B /* NSError+HCPExtension.h */ = {isa = PBXFileReference; name = "NSError+HCPExtension.h"; path = "cordova-hot-code-push-plugin/Utils/NSError+HCPExtension.h"; sourceTree = "<group>"; fileEncoding = 4; lastKnownFileType = sourcecode.c.h; explicitFileType = undefined; includeInIndex = 0; };
		EAAEF5F7FAC847668A398D0A /* NSFileManager+HCPExtension.h */ = {isa = PBXFileReference; name = "NSFileManager+HCPExtension.h"; path = "cordova-hot-code-push-plugin/Utils/NSFileManager+HCPExtension.h"; sourceTree = "<group>"; fileEncoding = 4; lastKnownFileType = sourcecode.c.h; explicitFileType = undefined; includeInIndex = 0; };
		B17D085F51B7467F9C88CE8C /* NSJSONSerialization+HCPExtension.h */ = {isa = PBXFileReference; name = "NSJSONSerialization+HCPExtension.h"; path = "cordova-hot-code-push-plugin/Utils/NSJSONSerialization+HCPExtension.h"; sourceTree = "<group>"; fileEncoding = 4; lastKnownFileType = sourcecode.c.h; explicitFileType = undefined; includeInIndex = 0; };
		64338454ABA6456F82A62D56 /* HCPAppUpdateRequestAlertDialog.h */ = {isa = PBXFileReference; name = "HCPAppUpdateRequestAlertDialog.h"; path = "cordova-hot-code-push-plugin/Utils/HCPAppUpdateRequestAlertDialog.h"; sourceTree = "<group>"; fileEncoding = 4; lastKnownFileType = sourcecode.c.h; explicitFileType = undefined; includeInIndex = 0; };
		D7311356304047A583C8032B /* HCPAssetsFolderHelper.h */ = {isa = PBXFileReference; name = "HCPAssetsFolderHelper.h"; path = "cordova-hot-code-push-plugin/Utils/HCPAssetsFolderHelper.h"; sourceTree = "<group>"; fileEncoding = 4; lastKnownFileType = sourcecode.c.h; explicitFileType = undefined; includeInIndex = 0; };
/* End PBXFileReference section */

/* Begin PBXFrameworksBuildPhase section */
		1D60588F0D05DD3D006BFB54 /* Frameworks */ = {
			isa = PBXFrameworksBuildPhase;
			buildActionMask = 2147483647;
			files = (
				301BF552109A68D80062928A /* libCordova.a in Frameworks */,
			);
			runOnlyForDeploymentPostprocessing = 0;
		};
/* End PBXFrameworksBuildPhase section */

/* Begin PBXGroup section */
		080E96DDFE201D6D7F000001 /* Classes */ = {
			isa = PBXGroup;
			children = (
				302D95EE14D2391D003F00A1 /* MainViewController.h */,
				302D95EF14D2391D003F00A1 /* MainViewController.m */,
				302D95F014D2391D003F00A1 /* MainViewController.xib */,
				1D3623240D0F684500981E51 /* AppDelegate.h */,
				1D3623250D0F684500981E51 /* AppDelegate.m */,
			);
			name = Classes;
			path = "EmberCordovaHcpBoilerplate/Classes";
			sourceTree = SOURCE_ROOT;
		};
		19C28FACFE9D520D11CA2CBB /* Products */ = {
			isa = PBXGroup;
			children = (
				1D6058910D05DD3D006BFB54 /* EmberCordovaHcpBoilerplate.app */,
			);
			name = Products;
			sourceTree = "<group>";
		};
		29B97314FDCFA39411CA2CEA /* CustomTemplate */ = {
			isa = PBXGroup;
			children = (
				EB87FDF41871DAF40020F90C /* config.xml */,
				EB87FDF31871DA8E0020F90C /* www */,
				EB87FDF11871DA420020F90C /* Staging */,
				301BF52D109A57CC0062928A /* CordovaLib.xcodeproj */,
				080E96DDFE201D6D7F000001 /* Classes */,
				307C750510C5A3420062BCA9 /* Plugins */,
				29B97315FDCFA39411CA2CEA /* Other Sources */,
				29B97317FDCFA39411CA2CEA /* Resources */,
				29B97323FDCFA39411CA2CEA /* Frameworks */,
				19C28FACFE9D520D11CA2CBB /* Products */,
			);
			name = CustomTemplate;
			sourceTree = "<group>";
		};
		29B97315FDCFA39411CA2CEA /* Other Sources */ = {
			isa = PBXGroup;
			children = (
				32CA4F630368D1EE00C91783 /* EmberCordovaHcpBoilerplate-Prefix.pch */,
				29B97316FDCFA39411CA2CEA /* main.m */,
				ED33DF2A687741AEAF9F8254 /* Bridging-Header.h */,
			);
			name = "Other Sources";
			path = "EmberCordovaHcpBoilerplate";
			sourceTree = "<group>";
		};
		29B97317FDCFA39411CA2CEA /* Resources */ = {
			isa = PBXGroup;
			children = (
				0207DA571B56EA530066E2B4 /* Images.xcassets */,
				3047A50E1AB8057F00498E2A /* config */,
				8D1107310486CEB800E47090 /* EmberCordovaHcpBoilerplate-Info.plist */,
			);
			name = Resources;
			path = "EmberCordovaHcpBoilerplate/Resources";
			sourceTree = "<group>";
		};
		29B97323FDCFA39411CA2CEA /* Frameworks */ = {
			isa = PBXGroup;
			children = (
			);
			name = Frameworks;
			sourceTree = "<group>";
		};
		301BF52E109A57CC0062928A /* Products */ = {
			isa = PBXGroup;
			children = (
				301BF535109A57CC0062928A /* libCordova.a */,
			);
			name = Products;
			sourceTree = "<group>";
		};
		3047A50E1AB8057F00498E2A /* config */ = {
			isa = PBXGroup;
			children = (
				3047A50F1AB8059700498E2A /* build-debug.xcconfig */,
				3047A5101AB8059700498E2A /* build-release.xcconfig */,
				3047A5111AB8059700498E2A /* build.xcconfig */,
			);
			name = config;
			sourceTree = "<group>";
		};
		307C750510C5A3420062BCA9 /* Plugins */ = {
			isa = PBXGroup;
			children = (
				98CEBFD53ABB408488740251 /* HCPPlugin.m */,
				3ADF163F3A1A4517AAC31E1F /* HCPApplicationConfig.m */,
				4C4D1638C919407BB6226289 /* HCPContentConfig.m */,
				F8A2CDD53D3645E1B15D3E82 /* HCPContentManifest.m */,
				697D927041634F5FB7AA9D04 /* HCPPluginInternalPreferences.m */,
				33F16BEA6753484EA79A6AB4 /* HCPXmlConfig.m */,
				40AAB927A2194A2A97537A7A /* HCPXmlTags.m */,
				E1F816E2A7CF4129A2C5822A /* HCPXmlConfigParser.m */,
				4DAAF7B3566846C8A6B8691E /* HCPEvents.m */,
				09E1F17C69FC474285AC89D0 /* CDVPluginResult+HCPEvents.m */,
				21A0BFFA8EE24294B720156F /* HCPFilesStructure.m */,
				427F0817948C4B838B99628C /* HCPManifestDiff.m */,
				09FC7471A9A8448B8C579B09 /* HCPManifestFile.m */,
				DE2D25061B2C446B9D613CDA /* HCPFileDownloader.m */,
				FC39C91699BB4632A57E1EBE /* HCPApplicationConfigStorage.m */,
				3C77BF870748408789FABC3E /* HCPConfigStorageImpl.m */,
				71EF127A1E544F5DBFED113E /* HCPContentManifestStorage.m */,
				7F6E012D83C7417A9616A562 /* HCPPluginInternalPreferences+UserDefaults.m */,
				BD935F67A74544A8BF378854 /* HCPInstallationWorker.m */,
				72AEB1E204A24BF2B5C2291E /* HCPUpdateInstaller.m */,
				EB0684C6C96A47C4AD7A2013 /* HCPUpdateLoader.m */,
				6A7CC882E0EB4D828FE6F331 /* HCPUpdateLoaderWorker.m */,
				12F723E2A7B04449BFBCF20B /* HCPCleanupHelper.m */,
				16F22E0765294AB38350DBEA /* NSBundle+HCPExtension.m */,
				F907B72CDCB7400983F979A6 /* NSData+HCPMD5.m */,
				6662FFABABEA4CE58D00FDA6 /* NSError+HCPExtension.m */,
				5DF95868651F4BAC88CF1E35 /* NSFileManager+HCPExtension.m */,
				639555F98CF84A098B7D2F27 /* NSJSONSerialization+HCPExtension.m */,
				097E806589524FF2BD5763E4 /* HCPAppUpdateRequestAlertDialog.m */,
				68E0BDDAD755411B87C3AA8D /* HCPAssetsFolderHelper.m */,
				C6336D3F97F144AC81899E2F /* HCPPlugin.h */,
				63AFB23309BA4D2E81416C86 /* HCPApplicationConfig.h */,
				599D9748DA264FADBB26CBF8 /* HCPContentConfig.h */,
				FEF16E3CA7CE4F51AE10E44D /* HCPContentManifest.h */,
				56E802D31BA44C23B78A4B7D /* HCPPluginInternalPreferences.h */,
				C1FD355920314AA4B83670DD /* HCPXmlConfig.h */,
				3E56BC6A603D40EDAB8AECED /* HCPXmlTags.h */,
				193D87D087944396AA5BF70D /* HCPXmlConfigParser.h */,
				D412AEB06EF24DD49EF209BB /* HCPEvents.h */,
				31943AA5EF754123B6DA9E31 /* CDVPluginResult+HCPEvents.h */,
				C0A0AD2EDE6D45139BF0C38E /* HCPFilesStructure.h */,
				2857345BE4414410AA53D518 /* HCPJsonConvertable.h */,
				A09F7DEB3F4F499BAC0A7A70 /* HCPManifestDiff.h */,
				EDBE7D1A4C4A4263A487027D /* HCPManifestFile.h */,
				CF806525A9FA49F58D51827A /* HCPFileDownloader.h */,
				DD2ABBCC756D412B8C016C22 /* HCPApplicationConfigStorage.h */,
				36C11E748FE843CCA282981A /* HCPConfigFileStorage.h */,
				927706DAA9BC4D1EAAB549FE /* HCPConfigStorageImpl.h */,
				3E7D7E0188FD4A669FB9F8E1 /* HCPContentManifestStorage.h */,
				C39EC15049274C1C8D45CC6D /* HCPPluginInternalPreferences+UserDefaults.h */,
				EC719CB461C94FFDBB1B297F /* HCPInstallationWorker.h */,
				E7CD95F980074B479B56D325 /* HCPUpdateInstaller.h */,
				4F6086B6040C47F8893757D9 /* HCPUpdateLoader.h */,
				646A5BA733564A21AF279CCE /* HCPUpdateLoaderWorker.h */,
				4C9BEB9BAD6C4BA1B5CE87A6 /* HCPWorker.h */,
				49716C6C54E044EA897BE40E /* HCPCleanupHelper.h */,
				3EC25C386F7D4CBA8540F4E5 /* NSBundle+HCPExtension.h */,
				8E087B4A2C17458E8C9C495C /* NSData+HCPMD5.h */,
				07641013B3DB47FDAAEC041B /* NSError+HCPExtension.h */,
				EAAEF5F7FAC847668A398D0A /* NSFileManager+HCPExtension.h */,
				B17D085F51B7467F9C88CE8C /* NSJSONSerialization+HCPExtension.h */,
				64338454ABA6456F82A62D56 /* HCPAppUpdateRequestAlertDialog.h */,
				D7311356304047A583C8032B /* HCPAssetsFolderHelper.h */,
			);
			name = Plugins;
			path = "EmberCordovaHcpBoilerplate/Plugins";
			sourceTree = SOURCE_ROOT;
		};
		EB87FDF11871DA420020F90C /* Staging */ = {
			isa = PBXGroup;
			children = (
				F840E1F0165FE0F500CFE078 /* config.xml */,
				301BF56E109A69640062928A /* www */,
			);
			name = Staging;
			sourceTree = "<group>";
		};
/* End PBXGroup section */

/* Begin PBXNativeTarget section */
		1D6058900D05DD3D006BFB54 /* EmberCordovaHcpBoilerplate */ = {
			isa = PBXNativeTarget;
			buildConfigurationList = 1D6058960D05DD3E006BFB54 /* Build configuration list for PBXNativeTarget "EmberCordovaHcpBoilerplate" */;
			buildPhases = (
				304B58A110DAC018002A0835 /* Copy www directory */,
				1D60588D0D05DD3D006BFB54 /* Resources */,
				1D60588E0D05DD3D006BFB54 /* Sources */,
				1D60588F0D05DD3D006BFB54 /* Frameworks */,
			);
			buildRules = (
			);
			dependencies = (
				301BF551109A68C00062928A /* PBXTargetDependency */,
			);
			name = "EmberCordovaHcpBoilerplate";
			productName = "EmberCordovaHcpBoilerplate";
			productReference = 1D6058910D05DD3D006BFB54 /* EmberCordovaHcpBoilerplate.app */;
			productType = "com.apple.product-type.application";
		};
/* End PBXNativeTarget section */

/* Begin PBXProject section */
		29B97313FDCFA39411CA2CEA /* Project object */ = {
			isa = PBXProject;
			attributes = {
				LastUpgradeCheck = 510;
			};
			buildConfigurationList = C01FCF4E08A954540054247B /* Build configuration list for PBXProject "__NON-CLI__" */;
			compatibilityVersion = "Xcode 3.2";
			developmentRegion = English;
			hasScannedForEncodings = 1;
			mainGroup = 29B97314FDCFA39411CA2CEA /* CustomTemplate */;
			projectDirPath = "";
			projectReferences = (
				{
					ProductGroup = 301BF52E109A57CC0062928A /* Products */;
					ProjectRef = 301BF52D109A57CC0062928A /* CordovaLib.xcodeproj */;
				},
			);
			projectRoot = "";
			targets = (
				1D6058900D05DD3D006BFB54 /* EmberCordovaHcpBoilerplate */,
			);
		};
/* End PBXProject section */

/* Begin PBXReferenceProxy section */
		301BF535109A57CC0062928A /* libCordova.a */ = {
			isa = PBXReferenceProxy;
			fileType = archive.ar;
			path = libCordova.a;
			remoteRef = 301BF534109A57CC0062928A /* PBXContainerItemProxy */;
			sourceTree = BUILT_PRODUCTS_DIR;
		};
/* End PBXReferenceProxy section */

/* Begin PBXResourcesBuildPhase section */
		1D60588D0D05DD3D006BFB54 /* Resources */ = {
			isa = PBXResourcesBuildPhase;
			buildActionMask = 2147483647;
			files = (
				302D95F214D2391D003F00A1 /* MainViewController.xib in Resources */,
				3047A5131AB8059700498E2A /* build-release.xcconfig in Resources */,
				3047A5141AB8059700498E2A /* build.xcconfig in Resources */,
				0207DA581B56EA530066E2B4 /* Images.xcassets in Resources */,
				3047A5121AB8059700498E2A /* build-debug.xcconfig in Resources */,
			);
			runOnlyForDeploymentPostprocessing = 0;
		};
/* End PBXResourcesBuildPhase section */

/* Begin PBXShellScriptBuildPhase section */
		304B58A110DAC018002A0835 /* Copy www directory */ = {
			isa = PBXShellScriptBuildPhase;
			buildActionMask = 2147483647;
			files = (
			);
			inputPaths = (
			);
			name = "Copy www directory";
			outputPaths = (
			);
			runOnlyForDeploymentPostprocessing = 0;
			shellPath = /bin/sh;
			shellScript = "NODEJS_PATH=/usr/local/bin; NVM_NODE_PATH=~/.nvm/versions/node/`nvm version 2>/dev/null`/bin; N_NODE_PATH=`find /usr/local/n/versions/node/* -maxdepth 0 -type d 2>/dev/null | tail -1`/bin; XCODE_NODE_PATH=`xcode-select --print-path`/usr/share/xcs/Node/bin; PATH=$NODEJS_PATH:$NVM_NODE_PATH:$N_NODE_PATH:$XCODE_NODE_PATH:$PATH && node cordova/lib/copy-www-build-step.js";
			showEnvVarsInLog = 0;
		};
/* End PBXShellScriptBuildPhase section */

/* Begin PBXSourcesBuildPhase section */
		1D60588E0D05DD3D006BFB54 /* Sources */ = {
			isa = PBXSourcesBuildPhase;
			buildActionMask = 2147483647;
			files = (
				1D60589B0D05DD56006BFB54 /* main.m in Sources */,
				1D3623260D0F684500981E51 /* AppDelegate.m in Sources */,
				302D95F114D2391D003F00A1 /* MainViewController.m in Sources */,
				C63A21E773D746E689034203 /* HCPPlugin.m in Sources */,
				666121F0312D4150B18D1D6C /* HCPApplicationConfig.m in Sources */,
				AA3E91BCCD2246F7A6A17993 /* HCPContentConfig.m in Sources */,
				EFE55848163C4036A1F0BF54 /* HCPContentManifest.m in Sources */,
				3FE419DF0ECE4E88B76177AF /* HCPPluginInternalPreferences.m in Sources */,
				87414E3C1A584C61B2F37906 /* HCPXmlConfig.m in Sources */,
				864B406388224C3BA5603196 /* HCPXmlTags.m in Sources */,
				DBCBADA00D7642C582E8C6DD /* HCPXmlConfigParser.m in Sources */,
				9DFA31BB637041278CEADA76 /* HCPEvents.m in Sources */,
				7FDFFE109E214A3699D7356B /* CDVPluginResult+HCPEvents.m in Sources */,
				8BC531F625F1411F95CD097B /* HCPFilesStructure.m in Sources */,
				68FDD373A7C3487DA79C90AA /* HCPManifestDiff.m in Sources */,
				5B74AFA363E34929A25F71B6 /* HCPManifestFile.m in Sources */,
				5AB56D62D5254949A289A29E /* HCPFileDownloader.m in Sources */,
				6A7982D4DEC24AD28150D523 /* HCPApplicationConfigStorage.m in Sources */,
				FA8F2384E8964745BA0CA23A /* HCPConfigStorageImpl.m in Sources */,
				3004445D3C724A1694D5DFA3 /* HCPContentManifestStorage.m in Sources */,
				1342235F0FE64AD49EB7196C /* HCPPluginInternalPreferences+UserDefaults.m in Sources */,
				6FD87963E6864BE2A2CCAE6A /* HCPInstallationWorker.m in Sources */,
				F46B9E3038FF473A83C2CCAC /* HCPUpdateInstaller.m in Sources */,
				BBFE14D36F7147479C4DEA4F /* HCPUpdateLoader.m in Sources */,
				60773ABCE45C4D42973D3627 /* HCPUpdateLoaderWorker.m in Sources */,
				0C44C7239830483891DA7F78 /* HCPCleanupHelper.m in Sources */,
				B6346195C2584659A8A67E3E /* NSBundle+HCPExtension.m in Sources */,
				038658C72C264187B1DE1B49 /* NSData+HCPMD5.m in Sources */,
				444E367CA60C4070A75CC42F /* NSError+HCPExtension.m in Sources */,
				E8471406085742A0BDFE1F55 /* NSFileManager+HCPExtension.m in Sources */,
				FBF3A7E134C44BACB99EE3FB /* NSJSONSerialization+HCPExtension.m in Sources */,
				3D5F4A65A0B94A1C9ED82AB8 /* HCPAppUpdateRequestAlertDialog.m in Sources */,
				BAAA14497C19461E962F4B20 /* HCPAssetsFolderHelper.m in Sources */,
			);
			runOnlyForDeploymentPostprocessing = 0;
		};
/* End PBXSourcesBuildPhase section */

/* Begin PBXTargetDependency section */
		301BF551109A68C00062928A /* PBXTargetDependency */ = {
			isa = PBXTargetDependency;
			name = CordovaLib;
			targetProxy = 301BF550109A68C00062928A /* PBXContainerItemProxy */;
		};
/* End PBXTargetDependency section */

/* Begin XCBuildConfiguration section */
		1D6058940D05DD3E006BFB54 /* Debug */ = {
			isa = XCBuildConfiguration;
			baseConfigurationReference = 3047A50F1AB8059700498E2A /* build-debug.xcconfig */;
			buildSettings = {
				ALWAYS_SEARCH_USER_PATHS = NO;
				ASSETCATALOG_COMPILER_APPICON_NAME = AppIcon;
				ASSETCATALOG_COMPILER_LAUNCHIMAGE_NAME = LaunchImage;
				CLANG_ENABLE_MODULES = YES;
				CLANG_ENABLE_OBJC_ARC = YES;
				COPY_PHASE_STRIP = NO;
				GCC_DYNAMIC_NO_PIC = NO;
				GCC_OPTIMIZATION_LEVEL = 0;
				GCC_PRECOMPILE_PREFIX_HEADER = YES;
				GCC_PREFIX_HEADER = "EmberCordovaHcpBoilerplate/EmberCordovaHcpBoilerplate-Prefix.pch";
				GCC_THUMB_SUPPORT = NO;
				GCC_VERSION = "";
				INFOPLIST_FILE = "EmberCordovaHcpBoilerplate/EmberCordovaHcpBoilerplate-Info.plist";
				LD_RUNPATH_SEARCH_PATHS = "@executable_path/Frameworks";
				PRODUCT_NAME = "EmberCordovaHcpBoilerplate";
			};
			name = Debug;
		};
		1D6058950D05DD3E006BFB54 /* Release */ = {
			isa = XCBuildConfiguration;
			baseConfigurationReference = 3047A5101AB8059700498E2A /* build-release.xcconfig */;
			buildSettings = {
				ALWAYS_SEARCH_USER_PATHS = NO;
				ASSETCATALOG_COMPILER_APPICON_NAME = AppIcon;
				ASSETCATALOG_COMPILER_LAUNCHIMAGE_NAME = LaunchImage;
				CLANG_ENABLE_MODULES = YES;
				CLANG_ENABLE_OBJC_ARC = YES;
				COPY_PHASE_STRIP = YES;
				GCC_PRECOMPILE_PREFIX_HEADER = YES;
				GCC_PREFIX_HEADER = "EmberCordovaHcpBoilerplate/EmberCordovaHcpBoilerplate-Prefix.pch";
				GCC_THUMB_SUPPORT = NO;
				GCC_VERSION = "";
				INFOPLIST_FILE = "EmberCordovaHcpBoilerplate/EmberCordovaHcpBoilerplate-Info.plist";
				PRODUCT_NAME = "EmberCordovaHcpBoilerplate";
			};
			name = Release;
		};
		C01FCF4F08A954540054247B /* Debug */ = {
			isa = XCBuildConfiguration;
			baseConfigurationReference = 3047A5111AB8059700498E2A /* build.xcconfig */;
			buildSettings = {
				CLANG_ENABLE_MODULES = YES;
				CLANG_ENABLE_OBJC_ARC = YES;
				CLANG_WARN_BOOL_CONVERSION = YES;
				CLANG_WARN_CONSTANT_CONVERSION = YES;
				CLANG_WARN_EMPTY_BODY = YES;
				CLANG_WARN_ENUM_CONVERSION = YES;
				CLANG_WARN_INT_CONVERSION = YES;
				CLANG_WARN__DUPLICATE_METHOD_MATCH = YES;
				GCC_C_LANGUAGE_STANDARD = c99;
				GCC_THUMB_SUPPORT = NO;
				GCC_VERSION = "";
				GCC_WARN_ABOUT_RETURN_TYPE = YES;
				GCC_WARN_UNDECLARED_SELECTOR = YES;
				GCC_WARN_UNINITIALIZED_AUTOS = YES;
				GCC_WARN_UNUSED_FUNCTION = YES;
				GCC_WARN_UNUSED_VARIABLE = YES;
				ONLY_ACTIVE_ARCH = YES;
				SDKROOT = iphoneos;
				SKIP_INSTALL = NO;
			};
			name = Debug;
		};
		C01FCF5008A954540054247B /* Release */ = {
			isa = XCBuildConfiguration;
			baseConfigurationReference = 3047A5111AB8059700498E2A /* build.xcconfig */;
			buildSettings = {
				CLANG_ENABLE_MODULES = YES;
				CLANG_ENABLE_OBJC_ARC = YES;
				CLANG_WARN_BOOL_CONVERSION = YES;
				CLANG_WARN_CONSTANT_CONVERSION = YES;
				CLANG_WARN_EMPTY_BODY = YES;
				CLANG_WARN_ENUM_CONVERSION = YES;
				CLANG_WARN_INT_CONVERSION = YES;
				CLANG_WARN__DUPLICATE_METHOD_MATCH = YES;
				GCC_C_LANGUAGE_STANDARD = c99;
				GCC_THUMB_SUPPORT = NO;
				GCC_VERSION = "";
				GCC_WARN_ABOUT_RETURN_TYPE = YES;
				GCC_WARN_UNDECLARED_SELECTOR = YES;
				GCC_WARN_UNINITIALIZED_AUTOS = YES;
				GCC_WARN_UNUSED_FUNCTION = YES;
				GCC_WARN_UNUSED_VARIABLE = YES;
				SDKROOT = iphoneos;
				SKIP_INSTALL = NO;
			};
			name = Release;
		};
/* End XCBuildConfiguration section */

/* Begin XCConfigurationList section */
		1D6058960D05DD3E006BFB54 /* Build configuration list for PBXNativeTarget "EmberCordovaHcpBoilerplate" */ = {
			isa = XCConfigurationList;
			buildConfigurations = (
				1D6058940D05DD3E006BFB54 /* Debug */,
				1D6058950D05DD3E006BFB54 /* Release */,
			);
			defaultConfigurationIsVisible = 0;
			defaultConfigurationName = Release;
		};
		C01FCF4E08A954540054247B /* Build configuration list for PBXProject "__NON-CLI__" */ = {
			isa = XCConfigurationList;
			buildConfigurations = (
				C01FCF4F08A954540054247B /* Debug */,
				C01FCF5008A954540054247B /* Release */,
			);
			defaultConfigurationIsVisible = 0;
			defaultConfigurationName = Release;
		};
/* End XCConfigurationList section */
	};
	rootObject = 29B97313FDCFA39411CA2CEA /* Project object */;
}
